# DEPENDENCIES.lock
#
# Pinned build inputs for the two RHEL-parity packages this replica ships:
# postfix (3.5.8, matching postfix-3.5.8-7.el8) and heirloom-mailx (12.5,
# matching RHEL 8.10's mailx package). Each package has a mode:
#
#   vendored  source, patches, and cygport recipe live in this repo, under
#             cygport/<name> and packages/<name>.
#   remote    source lives in a separate phdye-cygwin/<name> repo, pinned
#             by commit. bin/resolve-pinned-deps.sh fetches by that pin
#             instead of reading the local copy.
#
# Both packages moved to remote mode on 2026-08-16, once phdye-cygwin/postfix
# and phdye-cygwin/heirloom-mailx existed and carried the same content at
# the pinned commit. local_cygport now names where a fetch would land, not
# a directory that exists in this repo; local_packages (the built .tar.xz
# cache installers consume) is unaffected and still vendored here.
#
# Run bin/resolve-pinned-deps.sh after touching either package's cygport/
# or packages/ tree, to catch a stale vendored_commit before it is
# committed.

[postfix]
mode            = remote
local_cygport   = cygport/postfix
local_packages  = packages/postfix
vendored_commit = 0e6a4cc20fdd078745912b4a743460808a30fb31
upstream_src    = ftp://ftp.porcupine.org/mirrors/postfix-release/official/postfix-3.5.8.tar.gz
upstream_sha256 = 22582628cf3edc18c5155c9ff44543dd95a9435fb68135d76a99f572cb07456f
patch_file      = postfix-3.5.8-1-cygwinport.patch
remote_repo     = phdye-cygwin/postfix
remote_ref      = b0d25a9f1a2092aa354acf933ebe8a901111d1b9

[heirloom-mailx]
mode            = remote
local_cygport   = cygport/heirloom-mailx
local_packages  = packages/heirloom-mailx
vendored_commit = 0e6a4cc20fdd078745912b4a743460808a30fb31
upstream_src    = https://sources.stream.centos.org/sources/rpms/mailx/mailx-12.5.tar.xz/836bf1da322d2d1f78b7056c2b3b2304/mailx-12.5.tar.xz
upstream_md5    = 836bf1da322d2d1f78b7056c2b3b2304
patch_files     = 0011-outof-Introduce-expandaddr-flag.patch 0012-unpack-Disable-option-processing-for-email-addresses.patch 0013-fio.c-Unconditionally-require-wordexp-support.patch 0014-globname-Invoke-wordexp-with-WRDE_NOCMD.patch
remote_repo     = phdye-cygwin/heirloom-mailx
remote_ref      = 07ad2f2ab326ece4fc839a606733a9b42a1c2064
